
Microsoft Visual Studio Solution File, Format Version 12.00
Project("{FAE04EC0-301F-11D3-BF4B-00C04F79EFBC}") = "FilmesApi", "FilmesApi\FilmesApi.csproj", "{4FEB05B6-0E00-4F53-934B-1B8FAFCAFB01}"
EndProject
Global
	GlobalSection(SolutionConfigurationPlatforms) = preSolution
		Debug|Any CPU = Debug|Any CPU
		Release|Any CPU = Release|Any CPU
	EndGlobalSection
	GlobalSection(ProjectConfigurationPlatforms) = postSolution
		{4FEB05B6-0E00-4F53-934B-1B8FAFCAFB01}.Debug|Any CPU.ActiveCfg = Debug|Any CPU
		{4FEB05B6-0E00-4F53-934B-1B8FAFCAFB01}.Debug|Any CPU.Build.0 = Debug|Any CPU
		{4FEB05B6-0E00-4F53-934B-1B8FAFCAFB01}.Release|Any CPU.ActiveCfg = Release|Any CPU
		{4FEB05B6-0E00-4F53-934B-1B8FAFCAFB01}.Release|Any CPU.Build.0 = Release|Any CPU
	EndGlobalSection
EndGlobal
